// !$*UTF8*$!
{
	archiveVersion = 1;
	classes = {
	};
	objectVersion = 50;
	objects = {

/* Begin PBXBuildFile section */
		B2A581B3A4EB2430521C4F58 /* libPods-GradientImage.a in Frameworks */ = {isa = PBXBuildFile; fileRef = 7EF52E997E8452C455FB55B1 /* libPods-GradientImage.a */; };
		F5F4865020B7F7BE00D71F3D /* AppDelegate.m in Sources */ = {isa = PBXBuildFile; fileRef = F5F4864F20B7F7BE00D71F3D /* AppDelegate.m */; };
		F5F4865320B7F7BE00D71F3D /* ViewController.m in Sources */ = {isa = PBXBuildFile; fileRef = F5F4865220B7F7BE00D71F3D /* ViewController.m */; };
		F5F4865620B7F7BE00D71F3D /* Main.storyboard in Resources */ = {isa = PBXBuildFile; fileRef = F5F4865420B7F7BE00D71F3D /* Main.storyboard */; };
		F5F4865820B7F7BF00D71F3D /* Assets.xcassets in Resources */ = {isa = PBXBuildFile; fileRef = F5F4865720B7F7BF00D71F3D /* Assets.xcassets */; };
		F5F4865B20B7F7BF00D71F3D /* LaunchScreen.storyboard in Resources */ = {isa = PBXBuildFile; fileRef = F5F4865920B7F7BF00D71F3D /* LaunchScreen.storyboard */; };
		F5F4865E20B7F7BF00D71F3D /* main.m in Sources */ = {isa = PBXBuildFile; fileRef = F5F4865D20B7F7BF00D71F3D /* main.m */; };
		F5F4866720B7F8FF00D71F3D /* GradientColorTool.m in Sources */ = {isa = PBXBuildFile; fileRef = F5F4866620B7F8FF00D71F3D /* GradientColorTool.m */; };
		F5F4866A20B7FDE800D71F3D /* GradientImageTool.m in Sources */ = {isa = PBXBuildFile; fileRef = F5F4866920B7FDE800D71F3D /* GradientImageTool.m */; };
		F5F4866D20B7FEBE00D71F3D /* ViewControllerCell.m in Sources */ = {isa = PBXBuildFile; fileRef = F5F4866C20B7FEBE00D71F3D /* ViewControllerCell.m */; };
/* End PBXBuildFile section */

/* Begin PBXFileReference section */
		493C422679606523F050F934 /* Pods-GradientImage.release.xcconfig */ = {isa = PBXFileReference; includeInIndex = 1; lastKnownFileType = text.xcconfig; name = "Pods-GradientImage.release.xcconfig"; path = "Pods/Target Support Files/Pods-GradientImage/Pods-GradientImage.release.xcconfig"; sourceTree = "<group>"; };
		7E92DCCE86DAB603D831C334 /* Pods-GradientImage.debug.xcconfig */ = {isa = PBXFileReference; includeInIndex = 1; lastKnownFileType = text.xcconfig; name = "Pods-GradientImage.debug.xcconfig"; path = "Pods/Target Support Files/Pods-GradientImage/Pods-GradientImage.debug.xcconfig"; sourceTree = "<group>"; };
		7EF52E997E8452C455FB55B1 /* libPods-GradientImage.a */ = {isa = PBXFileReference; explicitFileType = archive.ar; includeInIndex = 0; path = "libPods-GradientImage.a"; sourceTree = BUILT_PRODUCTS_DIR; };
		F5F4864B20B7F7BE00D71F3D /* GradientImage.app */ = {isa = PBXFileReference; explicitFileType = wrapper.application; includeInIndex = 0; path = GradientImage.app; sourceTree = BUILT_PRODUCTS_DIR; };
		F5F4864E20B7F7BE00D71F3D /* AppDelegate.h */ = {isa = PBXFileReference; lastKnownFileType = sourcecode.c.h; path = AppDelegate.h; sourceTree = "<group>"; };
		F5F4864F20B7F7BE00D71F3D /* AppDelegate.m */ = {isa = PBXFileReference; lastKnownFileType = sourcecode.c.objc; path = AppDelegate.m; sourceTree = "<group>"; };
		F5F4865120B7F7BE00D71F3D /* ViewController.h */ = {isa = PBXFileReference; lastKnownFileType = sourcecode.c.h; path = ViewController.h; sourceTree = "<group>"; };
		F5F4865220B7F7BE00D71F3D /* ViewController.m */ = {isa = PBXFileReference; lastKnownFileType = sourcecode.c.objc; path = ViewController.m; sourceTree = "<group>"; };
		F5F4865520B7F7BE00D71F3D /* Base */ = {isa = PBXFileReference; lastKnownFileType = file.storyboard; name = Base; path = Base.lproj/Main.storyboard; sourceTree = "<group>"; };
		F5F4865720B7F7BF00D71F3D /* Assets.xcassets */ = {isa = PBXFileReference; lastKnownFileType = folder.assetcatalog; path = Assets.xcassets; sourceTree = "<group>"; };
		F5F4865A20B7F7BF00D71F3D /* Base */ = {isa = PBXFileReference; lastKnownFileType = file.storyboard; name = Base; path = Base.lproj/LaunchScreen.storyboard; sourceTree = "<group>"; };
		F5F4865C20B7F7BF00D71F3D /* Info.plist */ = {isa = PBXFileReference; lastKnownFileType = text.plist.xml; path = Info.plist; sourceTree = "<group>"; };
		F5F4865D20B7F7BF00D71F3D /* main.m */ = {isa = PBXFileReference; lastKnownFileType = sourcecode.c.objc; path = main.m; sourceTree = "<group>"; };
		F5F4866520B7F8FF00D71F3D /* GradientColorTool.h */ = {isa = PBXFileReference; lastKnownFileType = sourcecode.c.h; path = GradientColorTool.h; sourceTree = "<group>"; };
		F5F4866620B7F8FF00D71F3D /* GradientColorTool.m */ = {isa = PBXFileReference; lastKnownFileType = sourcecode.c.objc; path = GradientColorTool.m; sourceTree = "<group>"; };
		F5F4866820B7FDE800D71F3D /* GradientImageTool.h */ = {isa = PBXFileReference; lastKnownFileType = sourcecode.c.h; path = GradientImageTool.h; sourceTree = "<group>"; };
		F5F4866920B7FDE800D71F3D /* GradientImageTool.m */ = {isa = PBXFileReference; lastKnownFileType = sourcecode.c.objc; path = GradientImageTool.m; sourceTree = "<group>"; };
		F5F4866B20B7FEBE00D71F3D /* ViewControllerCell.h */ = {isa = PBXFileReference; lastKnownFileType = sourcecode.c.h; path = ViewControllerCell.h; sourceTree = "<group>"; };
		F5F4866C20B7FEBE00D71F3D /* ViewControllerCell.m */ = {isa = PBXFileReference; lastKnownFileType = sourcecode.c.objc; path = ViewControllerCell.m; sourceTree = "<group>"; };
/* End PBXFileReference section */

/* Begin PBXFrameworksBuildPhase section */
		F5F4864820B7F7BE00D71F3D /* Frameworks */ = {
			isa = PBXFrameworksBuildPhase;
			buildActionMask = 2147483647;
			files = (
				B2A581B3A4EB2430521C4F58 /* libPods-GradientImage.a in Frameworks */,
			);
			runOnlyForDeploymentPostprocessing = 0;
		};
/* End PBXFrameworksBuildPhase section */

/* Begin PBXGroup section */
		74C4697209BE1A64D753E6C6 /* Frameworks */ = {
			isa = PBXGroup;
			children = (
				7EF52E997E8452C455FB55B1 /* libPods-GradientImage.a */,
			);
			name = Frameworks;
			sourceTree = "<group>";
		};
		D63194EE5E9FE6C86E144F96 /* Pods */ = {
			isa = PBXGroup;
			children = (
				7E92DCCE86DAB603D831C334 /* Pods-GradientImage.debug.xcconfig */,
				493C422679606523F050F934 /* Pods-GradientImage.release.xcconfig */,
			);
			name = Pods;
			sourceTree = "<group>";
		};
		F5F4864220B7F7BE00D71F3D = {
			isa = PBXGroup;
			children = (
				F5F4864D20B7F7BE00D71F3D /* GradientImage */,
				F5F4864C20B7F7BE00D71F3D /* Products */,
				D63194EE5E9FE6C86E144F96 /* Pods */,
				74C4697209BE1A64D753E6C6 /* Frameworks */,
			);
			sourceTree = "<group>";
		};
		F5F4864C20B7F7BE00D71F3D /* Products */ = {
			isa = PBXGroup;
			children = (
				F5F4864B20B7F7BE00D71F3D /* GradientImage.app */,
			);
			name = Products;
			sourceTree = "<group>";
		};
		F5F4864D20B7F7BE00D71F3D /* GradientImage */ = {
			isa = PBXGroup;
			children = (
				F5F4866420B7F7DF00D71F3D /* GradientImage */,
				F5F4864E20B7F7BE00D71F3D /* AppDelegate.h */,
				F5F4864F20B7F7BE00D71F3D /* AppDelegate.m */,
				F5F4865120B7F7BE00D71F3D /* ViewController.h */,
				F5F4865220B7F7BE00D71F3D /* ViewController.m */,
				F5F4866B20B7FEBE00D71F3D /* ViewControllerCell.h */,
				F5F4866C20B7FEBE00D71F3D /* ViewControllerCell.m */,
				F5F4865420B7F7BE00D71F3D /* Main.storyboard */,
				F5F4865720B7F7BF00D71F3D /* Assets.xcassets */,
				F5F4865920B7F7BF00D71F3D /* LaunchScreen.storyboard */,
				F5F4865C20B7F7BF00D71F3D /* Info.plist */,
				F5F4865D20B7F7BF00D71F3D /* main.m */,
			);
			path = GradientImage;
			sourceTree = "<group>";
		};
		F5F4866420B7F7DF00D71F3D /* GradientImage */ = {
			isa = PBXGroup;
			children = (
				F5F4866520B7F8FF00D71F3D /* GradientColorTool.h */,
				F5F4866620B7F8FF00D71F3D /* GradientColorTool.m */,
				F5F4866820B7FDE800D71F3D /* GradientImageTool.h */,
				F5F4866920B7FDE800D71F3D /* GradientImageTool.m */,
			);
			path = GradientImage;
			sourceTree = "<group>";
		};
/* End PBXGroup section */

/* Begin PBXNativeTarget section */
		F5F4864A20B7F7BE00D71F3D /* GradientImage */ = {
			isa = PBXNativeTarget;
			buildConfigurationList = F5F4866120B7F7BF00D71F3D /* Build configuration list for PBXNativeTarget "GradientImage" */;
			buildPhases = (
				6B2017DF2734046D5C2F3044 /* [CP] Check Pods Manifest.lock */,
				F5F4864720B7F7BE00D71F3D /* Sources */,
				F5F4864820B7F7BE00D71F3D /* Frameworks */,
				F5F4864920B7F7BE00D71F3D /* Resources */,
			);
			buildRules = (
			);
			dependencies = (
			);
			name = GradientImage;
			productName = GradientImage;
			productReference = F5F4864B20B7F7BE00D71F3D /* GradientImage.app */;
			productType = "com.apple.product-type.application";
		};
/* End PBXNativeTarget section */

/* Begin PBXProject section */
		F5F4864320B7F7BE00D71F3D /* Project object */ = {
			isa = PBXProject;
			attributes = {
				LastUpgradeCheck = 0930;
				ORGANIZATIONNAME = lionnner;
				TargetAttributes = {
					F5F4864A20B7F7BE00D71F3D = {
						CreatedOnToolsVersion = 9.3;
					};
				};
			};
			buildConfigurationList = F5F4864620B7F7BE00D71F3D /* Build configuration list for PBXProject "GradientImage" */;
			compatibilityVersion = "Xcode 9.3";
			developmentRegion = en;
			hasScannedForEncodings = 0;
			knownRegions = (
				en,
				Base,
			);
			mainGroup = F5F4864220B7F7BE00D71F3D;
			productRefGroup = F5F4864C20B7F7BE00D71F3D /* Products */;
			projectDirPath = "";
			projectRoot = "";
			targets = (
				F5F4864A20B7F7BE00D71F3D /* GradientImage */,
			);
		};
/* End PBXProject section */

/* Begin PBXResourcesBuildPhase section */
		F5F4864920B7F7BE00D71F3D /* Resources */ = {
			isa = PBXResourcesBuildPhase;
			buildActionMask = 2147483647;
			files = (
				F5F4865B20B7F7BF00D71F3D /* LaunchScreen.storyboard in Resources */,
				F5F4865820B7F7BF00D71F3D /* Assets.xcassets in Resources */,
				F5F4865620B7F7BE00D71F3D /* Main.storyboard in Resources */,
			);
			runOnlyForDeploymentPostprocessing = 0;
		};
/* End PBXResourcesBuildPhase section */

/* Begin PBXShellScriptBuildPhase section */
		6B2017DF2734046D5C2F3044 /* [CP] Check Pods Manifest.lock */ = {
			isa = PBXShellScriptBuildPhase;
			buildActionMask = 2147483647;
			files = (
			);
			inputPaths = (
				"${PODS_PODFILE_DIR_PATH}/Podfile.lock",
				"${PODS_ROOT}/Manifest.lock",
			);
			name = "[CP] Check Pods Manifest.lock";
			outputPaths = (
				"$(DERIVED_FILE_DIR)/Pods-GradientImage-checkManifestLockResult.txt",
			);
			runOnlyForDeploymentPostprocessing = 0;
			shellPath = /bin/sh;
			shellScript = "diff \"${PODS_PODFILE_DIR_PATH}/Podfile.lock\" \"${PODS_ROOT}/Manifest.lock\" > /dev/null\nif [ $? != 0 ] ; then\n    # print error to STDERR\n    echo \"error: The sandbox is not in sync with the Podfile.lock. Run 'pod install' or update your CocoaPods installation.\" >&2\n    exit 1\nfi\n# This output is used by Xcode 'outputs' to avoid re-running this script phase.\necho \"SUCCESS\" > \"${SCRIPT_OUTPUT_FILE_0}\"\n";
			showEnvVarsInLog = 0;
		};
/* End PBXShellScriptBuildPhase section */

/* Begin PBXSourcesBuildPhase section */
		F5F4864720B7F7BE00D71F3D /* Sources */ = {
			isa = PBXSourcesBuildPhase;
			buildActionMask = 2147483647;
			files = (
				F5F4866D20B7FEBE00D71F3D /* ViewControllerCell.m in Sources */,
				F5F4865320B7F7BE00D71F3D /* ViewController.m in Sources */,
				F5F4866720B7F8FF00D71F3D /* GradientColorTool.m in Sources */,
				F5F4866A20B7FDE800D71F3D /* GradientImageTool.m in Sources */,
				F5F4865E20B7F7BF00D71F3D /* main.m in Sources */,
				F5F4865020B7F7BE00D71F3D /* AppDelegate.m in Sources */,
			);
			runOnlyForDeploymentPostprocessing = 0;
		};
/* End PBXSourcesBuildPhase section */

/* Begin PBXVariantGroup section */
		F5F4865420B7F7BE00D71F3D /* Main.storyboard */ = {
			isa = PBXVariantGroup;
			children = (
				F5F4865520B7F7BE00D71F3D /* Base */,
			);
			name = Main.storyboard;
			sourceTree = "<group>";
		};
		F5F4865920B7F7BF00D71F3D /* LaunchScreen.storyboard */ = {
			isa = PBXVariantGroup;
			children = (
				F5F4865A20B7F7BF00D71F3D /* Base */,
			);
			name = LaunchScreen.storyboard;
			sourceTree = "<group>";
		};
/* End PBXVariantGroup section */

/* Begin XCBuildConfiguration section */
		F5F4865F20B7F7BF00D71F3D /* Debug */ = {
			isa = XCBuildConfiguration;
			buildSettings = {
				ALWAYS_SEARCH_USER_PATHS = NO;
				CLANG_ANALYZER_NONNULL = YES;
				CLANG_ANALYZER_NUMBER_OBJECT_CONVERSION = YES_AGGRESSIVE;
				CLANG_CXX_LANGUAGE_STANDARD = "gnu++14";
				CLANG_CXX_LIBRARY = "libc++";
				CLANG_ENABLE_MODULES = YES;
				CLANG_ENABLE_OBJC_ARC = YES;
				CLANG_ENABLE_OBJC_WEAK = YES;
				CLANG_WARN_BLOCK_CAPTURE_AUTORELEASING = YES;
				CLANG_WARN_BOOL_CONVERSION = YES;
				CLANG_WARN_COMMA = YES;
				CLANG_WARN_CONSTANT_CONVERSION = YES;
				CLANG_WARN_DEPRECATED_OBJC_IMPLEMENTATIONS = YES;
				CLANG_WARN_DIRECT_OBJC_ISA_USAGE = YES_ERROR;
				CLANG_WARN_DOCUMENTATION_COMMENTS = YES;
				CLANG_WARN_EMPTY_BODY = YES;
				CLANG_WARN_ENUM_CONVERSION = YES;
				CLANG_WARN_INFINITE_RECURSION = YES;
				CLANG_WARN_INT_CONVERSION = YES;
				CLANG_WARN_NON_LITERAL_NULL_CONVERSION = YES;
				CLANG_WARN_OBJC_IMPLICIT_RETAIN_SELF = YES;
				CLANG_WARN_OBJC_LITERAL_CONVERSION = YES;
				CLANG_WARN_OBJC_ROOT_CLASS = YES_ERROR;
				CLANG_WARN_RANGE_LOOP_ANALYSIS = YES;
				CLANG_WARN_STRICT_PROTOTYPES = YES;
				CLANG_WARN_SUSPICIOUS_MOVE = YES;
				CLANG_WARN_UNGUARDED_AVAILABILITY = YES_AGGRESSIVE;
				CLANG_WARN_UNREACHABLE_CODE = YES;
				CLANG_WARN__DUPLICATE_METHOD_MATCH = YES;
				CODE_SIGN_IDENTITY = "iPhone Developer";
				COPY_PHASE_STRIP = NO;
				DEBUG_INFORMATION_FORMAT = dwarf;
				ENABLE_STRICT_OBJC_MSGSEND = YES;
				ENABLE_TESTABILITY = YES;
				GCC_C_LANGUAGE_STANDARD = gnu11;
				GCC_DYNAMIC_NO_PIC = NO;
				GCC_NO_COMMON_BLOCKS = YES;
				GCC_OPTIMIZATION_LEVEL = 0;
				GCC_PREPROCESSOR_DEFINITIONS = (
					"DEBUG=1",
					"$(inherited)",
				);
				GCC_WARN_64_TO_32_BIT_CONVERSION = YES;
				GCC_WARN_ABOUT_RETURN_TYPE = YES_ERROR;
				GCC_WARN_UNDECLARED_SELECTOR = YES;
				GCC_WARN_UNINITIALIZED_AUTOS = YES_AGGRESSIVE;
				GCC_WARN_UNUSED_FUNCTION = YES;
				GCC_WARN_UNUSED_VARIABLE = YES;
				IPHONEOS_DEPLOYMENT_TARGET = 11.3;
				MTL_ENABLE_DEBUG_INFO = YES;
				ONLY_ACTIVE_ARCH = YES;
				SDKROOT = iphoneos;
			};
			name = Debug;
		};
		F5F4866020B7F7BF00D71F3D /* Release */ = {
			isa = XCBuildConfiguration;
			buildSettings = {
				ALWAYS_SEARCH_USER_PATHS = NO;
				CLANG_ANALYZER_NONNULL = YES;
				CLANG_ANALYZER_NUMBER_OBJECT_CONVERSION = YES_AGGRESSIVE;
				CLANG_CXX_LANGUAGE_STANDARD = "gnu++14";
				CLANG_CXX_LIBRARY = "libc++";
				CLANG_ENABLE_MODULES = YES;
				CLANG_ENABLE_OBJC_ARC = YES;
				CLANG_ENABLE_OBJC_WEAK = YES;
				CLANG_WARN_BLOCK_CAPTURE_AUTORELEASING = YES;
				CLANG_WARN_BOOL_CONVERSION = YES;
				CLANG_WARN_COMMA = YES;
				CLANG_WARN_CONSTANT_CONVERSION = YES;
				CLANG_WARN_DEPRECATED_OBJC_IMPLEMENTATIONS = YES;
				CLANG_WARN_DIRECT_OBJC_ISA_USAGE = YES_ERROR;
				CLANG_WARN_DOCUMENTATION_COMMENTS = YES;
				CLANG_WARN_EMPTY_BODY = YES;
				CLANG_WARN_ENUM_CONVERSION = YES;
				CLANG_WARN_INFINITE_RECURSION = YES;
				CLANG_WARN_INT_CONVERSION = YES;
				CLANG_WARN_NON_LITERAL_NULL_CONVERSION = YES;
				CLANG_WARN_OBJC_IMPLICIT_RETAIN_SELF = YES;
				CLANG_WARN_OBJC_LITERAL_CONVERSION = YES;
				CLANG_WARN_OBJC_ROOT_CLASS = YES_ERROR;
				CLANG_WARN_RANGE_LOOP_ANALYSIS = YES;
				CLANG_WARN_STRICT_PROTOTYPES = YES;
				CLANG_WARN_SUSPICIOUS_MOVE = YES;
				CLANG_WARN_UNGUARDED_AVAILABILITY = YES_AGGRESSIVE;
				CLANG_WARN_UNREACHABLE_CODE = YES;
				CLANG_WARN__DUPLICATE_METHOD_MATCH = YES;
				CODE_SIGN_IDENTITY = "iPhone Developer";
				COPY_PHASE_STRIP = NO;
				DEBUG_INFORMATION_FORMAT = "dwarf-with-dsym";
				ENABLE_NS_ASSERTIONS = NO;
				ENABLE_STRICT_OBJC_MSGSEND = YES;
				GCC_C_LANGUAGE_STANDARD = gnu11;
				GCC_NO_COMMON_BLOCKS = YES;
				GCC_WARN_64_TO_32_BIT_CONVERSION = YES;
				GCC_WARN_ABOUT_RETURN_TYPE = YES_ERROR;
				GCC_WARN_UNDECLARED_SELECTOR = YES;
				GCC_WARN_UNINITIALIZED_AUTOS = YES_AGGRESSIVE;
				GCC_WARN_UNUSED_FUNCTION = YES;
				GCC_WARN_UNUSED_VARIABLE = YES;
				IPHONEOS_DEPLOYMENT_TARGET = 11.3;
				MTL_ENABLE_DEBUG_INFO = NO;
				SDKROOT = iphoneos;
				VALIDATE_PRODUCT = YES;
			};
			name = Release;
		};
		F5F4866220B7F7BF00D71F3D /* Debug */ = {
			isa = XCBuildConfiguration;
			baseConfigurationReference = 7E92DCCE86DAB603D831C334 /* Pods-GradientImage.debug.xcconfig */;
			buildSettings = {
				ASSETCATALOG_COMPILER_APPICON_NAME = AppIcon;
				CODE_SIGN_STYLE = Automatic;
				DEVELOPMENT_TEAM = 2XQH2B9LFP;
				INFOPLIST_FILE = GradientImage/Info.plist;
				LD_RUNPATH_SEARCH_PATHS = (
					"$(inherited)",
					"@executable_path/Frameworks",
				);
				PRODUCT_BUNDLE_IDENTIFIER = com.jiuke.GradientImage;
				PRODUCT_NAME = "$(TARGET_NAME)";
				TARGETED_DEVICE_FAMILY = "1,2";
			};
			name = Debug;
		};
		F5F4866320B7F7BF00D71F3D /* Release */ = {
			isa = XCBuildConfiguration;
			baseConfigurationReference = 493C422679606523F050F934 /* Pods-GradientImage.release.xcconfig */;
			buildSettings = {
				ASSETCATALOG_COMPILER_APPICON_NAME = AppIcon;
				CODE_SIGN_STYLE = Automatic;
				DEVELOPMENT_TEAM = 2XQH2B9LFP;
				INFOPLIST_FILE = GradientImage/Info.plist;
				LD_RUNPATH_SEARCH_PATHS = (
					"$(inherited)",
					"@executable_path/Frameworks",
				);
				PRODUCT_BUNDLE_IDENTIFIER = com.jiuke.GradientImage;
				PRODUCT_NAME = "$(TARGET_NAME)";
				TARGETED_DEVICE_FAMILY = "1,2";
			};
			name = Release;
		};
/* End XCBuildConfiguration section */

/* Begin XCConfigurationList section */
		F5F4864620B7F7BE00D71F3D /* Build configuration list for PBXProject "GradientImage" */ = {
			isa = XCConfigurationList;
			buildConfigurations = (
				F5F4865F20B7F7BF00D71F3D /* Debug */,
				F5F4866020B7F7BF00D71F3D /* Release */,
			);
			defaultConfigurationIsVisible = 0;
			defaultConfigurationName = Release;
		};
		F5F4866120B7F7BF00D71F3D /* Build configuration list for PBXNativeTarget "GradientImage" */ = {
			isa = XCConfigurationList;
			buildConfigurations = (
				F5F4866220B7F7BF00D71F3D /* Debug */,
				F5F4866320B7F7BF00D71F3D /* Release */,
			);
			defaultConfigurationIsVisible = 0;
			defaultConfigurationName = Release;
		};
/* End XCConfigurationList section */
	};
	rootObject = F5F4864320B7F7BE00D71F3D /* Project object */;
}
